PODS:
  - boost-for-react-native (1.63.0)
  - DoubleConversion (1.1.6)
  - EXAppLoaderProvider (8.0.0)
  - EXConstants (8.0.0):
    - UMConstantsInterface
    - UMCore
  - EXErrorRecovery (1.0.0):
    - UMCore
  - EXFileSystem (8.0.0):
    - UMCore
    - UMFileSystemInterface
  - EXFont (8.0.0):
    - UMCore
    - UMFontInterface
  - EXKeepAwake (8.0.0):
    - UMCore
  - EXLinearGradient (8.0.0):
    - UMCore
  - EXLocation (8.0.0):
    - UMCore
    - UMPermissionsInterface
    - UMTaskManagerInterface
  - EXPermissions (8.0.0):
    - UMCore
    - UMPermissionsInterface
  - EXSQLite (8.0.0):
    - UMCore
    - UMFileSystemInterface
  - EXWebBrowser (8.0.0):
    - UMCore
  - FBLazyVector (0.61.0)
  - FBReactNativeSpec (0.61.0):
    - Folly (= 2018.10.22.00)
    - RCTRequired (= 0.61.0)
    - RCTTypeSafety (= 0.61.0)
    - React-Core (= 0.61.0)
    - React-jsi (= 0.61.0)
    - ReactCommon/turbomodule/core (= 0.61.0)
  - Folly (2018.10.22.00):
    - boost-for-react-native
    - DoubleConversion
    - Folly/Default (= 2018.10.22.00)
    - glog
  - Folly/Default (2018.10.22.00):
    - boost-for-react-native
    - DoubleConversion
    - glog
  - glog (0.3.5)
  - RCTRequired (0.61.0)
  - RCTTypeSafety (0.61.0):
    - FBLazyVector (= 0.61.0)
    - Folly (= 2018.10.22.00)
    - RCTRequired (= 0.61.0)
    - React-Core (= 0.61.0)
  - React (0.61.0):
    - React-Core (= 0.61.0)
    - React-Core/DevSupport (= 0.61.0)
    - React-Core/RCTWebSocket (= 0.61.0)
    - React-RCTActionSheet (= 0.61.0)
    - React-RCTAnimation (= 0.61.0)
    - React-RCTBlob (= 0.61.0)
    - React-RCTImage (= 0.61.0)
    - React-RCTLinking (= 0.61.0)
    - React-RCTNetwork (= 0.61.0)
    - React-RCTSettings (= 0.61.0)
    - React-RCTText (= 0.61.0)
    - React-RCTVibration (= 0.61.0)
  - React-Core (0.61.0):
    - Folly (= 2018.10.22.00)
    - glog
    - React-Core/Default (= 0.61.0)
    - React-cxxreact (= 0.61.0)
    - React-jsi (= 0.61.0)
    - React-jsiexecutor (= 0.61.0)
    - Yoga
  - React-Core/CoreModulesHeaders (0.61.0):
    - Folly (= 2018.10.22.00)
    - glog
    - React-Core/Default
    - React-cxxreact (= 0.61.0)
    - React-jsi (= 0.61.0)
    - React-jsiexecutor (= 0.61.0)
    - Yoga
  - React-Core/Default (0.61.0):
    - Folly (= 2018.10.22.00)
    - glog
    - React-cxxreact (= 0.61.0)
    - React-jsi (= 0.61.0)
    - React-jsiexecutor (= 0.61.0)
    - Yoga
  - React-Core/DevSupport (0.61.0):
    - Folly (= 2018.10.22.00)
    - glog
    - React-Core/Default (= 0.61.0)
    - React-Core/RCTWebSocket (= 0.61.0)
    - React-cxxreact (= 0.61.0)
    - React-jsi (= 0.61.0)
    - React-jsiexecutor (= 0.61.0)
    - React-jsinspector (= 0.61.0)
    - Yoga
  - React-Core/RCTActionSheetHeaders (0.61.0):
    - Folly (= 2018.10.22.00)
    - glog
    - React-Core/Default
    - React-cxxreact (= 0.61.0)
    - React-jsi (= 0.61.0)
    - React-jsiexecutor (= 0.61.0)
    - Yoga
  - React-Core/RCTAnimationHeaders (0.61.0):
    - Folly (= 2018.10.22.00)
    - glog
    - React-Core/Default
    - React-cxxreact (= 0.61.0)
    - React-jsi (= 0.61.0)
    - React-jsiexecutor (= 0.61.0)
    - Yoga
  - React-Core/RCTBlobHeaders (0.61.0):
    - Folly (= 2018.10.22.00)
    - glog
    - React-Core/Default
    - React-cxxreact (= 0.61.0)
    - React-jsi (= 0.61.0)
    - React-jsiexecutor (= 0.61.0)
    - Yoga
  - React-Core/RCTImageHeaders (0.61.0):
    - Folly (= 2018.10.22.00)
    - glog
    - React-Core/Default
    - React-cxxreact (= 0.61.0)
    - React-jsi (= 0.61.0)
    - React-jsiexecutor (= 0.61.0)
    - Yoga
  - React-Core/RCTLinkingHeaders (0.61.0):
    - Folly (= 2018.10.22.00)
    - glog
    - React-Core/Default
    - React-cxxreact (= 0.61.0)
    - React-jsi (= 0.61.0)
    - React-jsiexecutor (= 0.61.0)
    - Yoga
  - React-Core/RCTNetworkHeaders (0.61.0):
    - Folly (= 2018.10.22.00)
    - glog
    - React-Core/Default
    - React-cxxreact (= 0.61.0)
    - React-jsi (= 0.61.0)
    - React-jsiexecutor (= 0.61.0)
    - Yoga
  - React-Core/RCTSettingsHeaders (0.61.0):
    - Folly (= 2018.10.22.00)
    - glog
    - React-Core/Default
    - React-cxxreact (= 0.61.0)
    - React-jsi (= 0.61.0)
    - React-jsiexecutor (= 0.61.0)
    - Yoga
  - React-Core/RCTTextHeaders (0.61.0):
    - Folly (= 2018.10.22.00)
    - glog
    - React-Core/Default
    - React-cxxreact (= 0.61.0)
    - React-jsi (= 0.61.0)
    - React-jsiexecutor (= 0.61.0)
    - Yoga
  - React-Core/RCTVibrationHeaders (0.61.0):
    - Folly (= 2018.10.22.00)
    - glog
    - React-Core/Default
    - React-cxxreact (= 0.61.0)
    - React-jsi (= 0.61.0)
    - React-jsiexecutor (= 0.61.0)
    - Yoga
  - React-Core/RCTWebSocket (0.61.0):
    - Folly (= 2018.10.22.00)
    - glog
    - React-Core/Default (= 0.61.0)
    - React-cxxreact (= 0.61.0)
    - React-jsi (= 0.61.0)
    - React-jsiexecutor (= 0.61.0)
    - Yoga
  - React-CoreModules (0.61.0):
    - FBReactNativeSpec (= 0.61.0)
    - Folly (= 2018.10.22.00)
    - RCTTypeSafety (= 0.61.0)
    - React-Core/CoreModulesHeaders (= 0.61.0)
    - React-RCTImage (= 0.61.0)
    - ReactCommon/turbomodule/core (= 0.61.0)
  - React-cxxreact (0.61.0):
    - boost-for-react-native (= 1.63.0)
    - DoubleConversion
    - Folly (= 2018.10.22.00)
    - glog
    - React-jsinspector (= 0.61.0)
  - React-jsi (0.61.0):
    - boost-for-react-native (= 1.63.0)
    - DoubleConversion
    - Folly (= 2018.10.22.00)
    - glog
    - React-jsi/Default (= 0.61.0)
  - React-jsi/Default (0.61.0):
    - boost-for-react-native (= 1.63.0)
    - DoubleConversion
    - Folly (= 2018.10.22.00)
    - glog
  - React-jsiexecutor (0.61.0):
    - DoubleConversion
    - Folly (= 2018.10.22.00)
    - glog
    - React-cxxreact (= 0.61.0)
    - React-jsi (= 0.61.0)
  - React-jsinspector (0.61.0)
  - React-RCTActionSheet (0.61.0):
    - React-Core/RCTActionSheetHeaders (= 0.61.0)
  - React-RCTAnimation (0.61.0):
    - React-Core/RCTAnimationHeaders (= 0.61.0)
  - React-RCTBlob (0.61.0):
    - React-Core/RCTBlobHeaders (= 0.61.0)
    - React-Core/RCTWebSocket (= 0.61.0)
    - React-jsi (= 0.61.0)
    - React-RCTNetwork (= 0.61.0)
  - React-RCTImage (0.61.0):
    - React-Core/RCTImageHeaders (= 0.61.0)
    - React-RCTNetwork (= 0.61.0)
  - React-RCTLinking (0.61.0):
    - React-Core/RCTLinkingHeaders (= 0.61.0)
  - React-RCTNetwork (0.61.0):
    - React-Core/RCTNetworkHeaders (= 0.61.0)
  - React-RCTSettings (0.61.0):
    - React-Core/RCTSettingsHeaders (= 0.61.0)
  - React-RCTText (0.61.0):
    - React-Core/RCTTextHeaders (= 0.61.0)
  - React-RCTVibration (0.61.0):
    - React-Core/RCTVibrationHeaders (= 0.61.0)
  - ReactCommon/jscallinvoker (0.61.0):
    - DoubleConversion
    - Folly (= 2018.10.22.00)
    - glog
    - React-cxxreact (= 0.61.0)
  - ReactCommon/turbomodule/core (0.61.0):
    - DoubleConversion
    - Folly (= 2018.10.22.00)
    - glog
    - React-Core (= 0.61.0)
    - React-cxxreact (= 0.61.0)
    - React-jsi (= 0.61.0)
    - ReactCommon/jscallinvoker (= 0.61.0)
  - RNGestureHandler (1.5.3):
    - React
  - RNReanimated (1.4.0):
    - React
  - RNScreens (2.0.0-alpha.26):
    - React
  - UMBarCodeScannerInterface (5.0.0)
  - UMCameraInterface (5.0.0)
  - UMConstantsInterface (5.0.0)
  - UMCore (5.0.0)
  - UMFaceDetectorInterface (5.0.0)
  - UMFileSystemInterface (5.0.0)
  - UMFontInterface (5.0.0)
  - UMImageLoaderInterface (5.0.0)
  - UMPermissionsInterface (5.0.0)
  - UMReactNativeAdapter (5.0.0):
    - React-Core
    - UMCore
    - UMFontInterface
  - UMSensorsInterface (5.0.0)
  - UMTaskManagerInterface (5.0.0)
  - Yoga (1.14.0)

DEPENDENCIES:
  - DoubleConversion (from `../node_modules/react-native/third-party-podspecs/DoubleConversion.podspec`)
  - EXAppLoaderProvider (from `../node_modules/expo-app-loader-provider/ios`)
  - EXConstants (from `../node_modules/expo-constants/ios`)
  - EXErrorRecovery (from `../node_modules/expo-error-recovery/ios`)
  - EXFileSystem (from `../node_modules/expo-file-system/ios`)
  - EXFont (from `../node_modules/expo-font/ios`)
  - EXKeepAwake (from `../node_modules/expo-keep-awake/ios`)
  - EXLinearGradient (from `../node_modules/expo-linear-gradient/ios`)
  - EXLocation (from `../node_modules/expo-location/ios`)
  - EXPermissions (from `../node_modules/expo-permissions/ios`)
  - EXSQLite (from `../node_modules/expo-sqlite/ios`)
  - EXWebBrowser (from `../node_modules/expo-web-browser/ios`)
  - FBLazyVector (from `../node_modules/react-native/Libraries/FBLazyVector`)
  - FBReactNativeSpec (from `../node_modules/react-native/Libraries/FBReactNativeSpec`)
  - Folly (from `../node_modules/react-native/third-party-podspecs/Folly.podspec`)
  - glog (from `../node_modules/react-native/third-party-podspecs/glog.podspec`)
  - RCTRequired (from `../node_modules/react-native/Libraries/RCTRequired`)
  - RCTTypeSafety (from `../node_modules/react-native/Libraries/TypeSafety`)
  - React (from `../node_modules/react-native/`)
  - React-Core (from `../node_modules/react-native/`)
  - React-Core/DevSupport (from `../node_modules/react-native/`)
  - React-Core/RCTWebSocket (from `../node_modules/react-native/`)
  - React-CoreModules (from `../node_modules/react-native/React/CoreModules`)
  - React-cxxreact (from `../node_modules/react-native/ReactCommon/cxxreact`)
  - React-jsi (from `../node_modules/react-native/ReactCommon/jsi`)
  - React-jsiexecutor (from `../node_modules/react-native/ReactCommon/jsiexecutor`)
  - React-jsinspector (from `../node_modules/react-native/ReactCommon/jsinspector`)
  - React-RCTActionSheet (from `../node_modules/react-native/Libraries/ActionSheetIOS`)
  - React-RCTAnimation (from `../node_modules/react-native/Libraries/NativeAnimation`)
  - React-RCTBlob (from `../node_modules/react-native/Libraries/Blob`)
  - React-RCTImage (from `../node_modules/react-native/Libraries/Image`)
  - React-RCTLinking (from `../node_modules/react-native/Libraries/LinkingIOS`)
  - React-RCTNetwork (from `../node_modules/react-native/Libraries/Network`)
  - React-RCTSettings (from `../node_modules/react-native/Libraries/Settings`)
  - React-RCTText (from `../node_modules/react-native/Libraries/Text`)
  - React-RCTVibration (from `../node_modules/react-native/Libraries/Vibration`)
  - ReactCommon/jscallinvoker (from `../node_modules/react-native/ReactCommon`)
  - ReactCommon/turbomodule/core (from `../node_modules/react-native/ReactCommon`)
  - RNGestureHandler (from `../node_modules/react-native-gesture-handler/RNGestureHandler.podspec`)
  - RNReanimated (from `../node_modules/react-native-reanimated/RNReanimated.podspec`)
  - RNScreens (from `../node_modules/react-native-screens`)
  - UMBarCodeScannerInterface (from `../node_modules/unimodules-barcode-scanner-interface/ios`)
  - UMCameraInterface (from `../node_modules/unimodules-camera-interface/ios`)
  - UMConstantsInterface (from `../node_modules/unimodules-constants-interface/ios`)
  - "UMCore (from `../node_modules/@unimodules/core/ios`)"
  - UMFaceDetectorInterface (from `../node_modules/unimodules-face-detector-interface/ios`)
  - UMFileSystemInterface (from `../node_modules/unimodules-file-system-interface/ios`)
  - UMFontInterface (from `../node_modules/unimodules-font-interface/ios`)
  - UMImageLoaderInterface (from `../node_modules/unimodules-image-loader-interface/ios`)
  - UMPermissionsInterface (from `../node_modules/unimodules-permissions-interface/ios`)
  - "UMReactNativeAdapter (from `../node_modules/@unimodules/react-native-adapter/ios`)"
  - UMSensorsInterface (from `../node_modules/unimodules-sensors-interface/ios`)
  - UMTaskManagerInterface (from `../node_modules/unimodules-task-manager-interface/ios`)
  - Yoga (from `../node_modules/react-native/ReactCommon/yoga`)

SPEC REPOS:
  https://github.com/cocoapods/specs.git:
    - boost-for-react-native

EXTERNAL SOURCES:
  DoubleConversion:
    :podspec: "../node_modules/react-native/third-party-podspecs/DoubleConversion.podspec"
  EXAppLoaderProvider:
    :path: !ruby/object:Pathname
    path: "../node_modules/expo-app-loader-provider/ios"
  EXConstants:
    :path: !ruby/object:Pathname
    path: "../node_modules/expo-constants/ios"
  EXErrorRecovery:
    :path: !ruby/object:Pathname
    path: "../node_modules/expo-error-recovery/ios"
  EXFileSystem:
    :path: !ruby/object:Pathname
    path: "../node_modules/expo-file-system/ios"
  EXFont:
    :path: !ruby/object:Pathname
    path: "../node_modules/expo-font/ios"
  EXKeepAwake:
    :path: !ruby/object:Pathname
    path: "../node_modules/expo-keep-awake/ios"
  EXLinearGradient:
    :path: !ruby/object:Pathname
    path: "../node_modules/expo-linear-gradient/ios"
  EXLocation:
    :path: !ruby/object:Pathname
    path: "../node_modules/expo-location/ios"
  EXPermissions:
    :path: !ruby/object:Pathname
    path: "../node_modules/expo-permissions/ios"
  EXSQLite:
    :path: !ruby/object:Pathname
    path: "../node_modules/expo-sqlite/ios"
  EXWebBrowser:
    :path: !ruby/object:Pathname
    path: "../node_modules/expo-web-browser/ios"
  FBLazyVector:
    :path: "../node_modules/react-native/Libraries/FBLazyVector"
  FBReactNativeSpec:
    :path: "../node_modules/react-native/Libraries/FBReactNativeSpec"
  Folly:
    :podspec: "../node_modules/react-native/third-party-podspecs/Folly.podspec"
  glog:
    :podspec: "../node_modules/react-native/third-party-podspecs/glog.podspec"
  RCTRequired:
    :path: "../node_modules/react-native/Libraries/RCTRequired"
  RCTTypeSafety:
    :path: "../node_modules/react-native/Libraries/TypeSafety"
  React:
    :path: "../node_modules/react-native/"
  React-Core:
    :path: "../node_modules/react-native/"
  React-CoreModules:
    :path: "../node_modules/react-native/React/CoreModules"
  React-cxxreact:
    :path: "../node_modules/react-native/ReactCommon/cxxreact"
  React-jsi:
    :path: "../node_modules/react-native/ReactCommon/jsi"
  React-jsiexecutor:
    :path: "../node_modules/react-native/ReactCommon/jsiexecutor"
  React-jsinspector:
    :path: "../node_modules/react-native/ReactCommon/jsinspector"
  React-RCTActionSheet:
    :path: "../node_modules/react-native/Libraries/ActionSheetIOS"
  React-RCTAnimation:
    :path: "../node_modules/react-native/Libraries/NativeAnimation"
  React-RCTBlob:
    :path: "../node_modules/react-native/Libraries/Blob"
  React-RCTImage:
    :path: "../node_modules/react-native/Libraries/Image"
  React-RCTLinking:
    :path: "../node_modules/react-native/Libraries/LinkingIOS"
  React-RCTNetwork:
    :path: "../node_modules/react-native/Libraries/Network"
  React-RCTSettings:
    :path: "../node_modules/react-native/Libraries/Settings"
  React-RCTText:
    :path: "../node_modules/react-native/Libraries/Text"
  React-RCTVibration:
    :path: "../node_modules/react-native/Libraries/Vibration"
  ReactCommon:
    :path: "../node_modules/react-native/ReactCommon"
  RNGestureHandler:
    :podspec: "../node_modules/react-native-gesture-handler/RNGestureHandler.podspec"
  RNReanimated:
    :podspec: "../node_modules/react-native-reanimated/RNReanimated.podspec"
  RNScreens:
    :path: "../node_modules/react-native-screens"
  UMBarCodeScannerInterface:
    :path: !ruby/object:Pathname
    path: "../node_modules/unimodules-barcode-scanner-interface/ios"
  UMCameraInterface:
    :path: !ruby/object:Pathname
    path: "../node_modules/unimodules-camera-interface/ios"
  UMConstantsInterface:
    :path: !ruby/object:Pathname
    path: "../node_modules/unimodules-constants-interface/ios"
  UMCore:
    :path: !ruby/object:Pathname
    path: "../node_modules/@unimodules/core/ios"
  UMFaceDetectorInterface:
    :path: !ruby/object:Pathname
    path: "../node_modules/unimodules-face-detector-interface/ios"
  UMFileSystemInterface:
    :path: !ruby/object:Pathname
    path: "../node_modules/unimodules-file-system-interface/ios"
  UMFontInterface:
    :path: !ruby/object:Pathname
    path: "../node_modules/unimodules-font-interface/ios"
  UMImageLoaderInterface:
    :path: !ruby/object:Pathname
    path: "../node_modules/unimodules-image-loader-interface/ios"
  UMPermissionsInterface:
    :path: !ruby/object:Pathname
    path: "../node_modules/unimodules-permissions-interface/ios"
  UMReactNativeAdapter:
    :path: !ruby/object:Pathname
    path: "../node_modules/@unimodules/react-native-adapter/ios"
  UMSensorsInterface:
    :path: !ruby/object:Pathname
    path: "../node_modules/unimodules-sensors-interface/ios"
  UMTaskManagerInterface:
    :path: !ruby/object:Pathname
    path: "../node_modules/unimodules-task-manager-interface/ios"
  Yoga:
    :path: "../node_modules/react-native/ReactCommon/yoga"

SPEC CHECKSUMS:
  boost-for-react-native: 39c7adb57c4e60d6c5479dd8623128eb5b3f0f2c
  DoubleConversion: 5805e889d232975c086db112ece9ed034df7a0b2
  EXAppLoaderProvider: ebdb6bc2632c1ccadbe49f5e4104d8d690969c49
  EXConstants: 4051b16c17ef3defa03c541d42811dc92b249146
  EXErrorRecovery: d36db99ec6a3808f313f01b0890eb443796dd1c2
  EXFileSystem: 6e0d9bb6cc4ea404dbb8f583c1a8a2dcdf4b83b6
  EXFont: 6187b5ab46ee578d5f8e7f2ea092752e78772235
  EXKeepAwake: 66e9f80b6d129633725a0e42f8d285c229876811
  EXLinearGradient: 75f302f9d6484267a3f6d3252df2e7a5f00e716a
  EXLocation: 3c75d012ca92eed94d4338778d79c49d1252393a
  EXPermissions: 9bc08859a675d291e89be9a0870155c27c16ac35
  EXSQLite: 220226a354912b100dfe913f5fe6f31762c8927e
  EXWebBrowser: db32607359fb7b55b7b7b91df32dd3d8355bb3b7
  FBLazyVector: 815d415da87ffb4308b229ffe4b531799d118c6c
  FBReactNativeSpec: a43dfecd1f9e31d5729a38adafba1790c4c6c950
  Folly: 30e7936e1c45c08d884aa59369ed951a8e68cf51
  glog: 1f3da668190260b06b429bb211bfbee5cd790c28
  RCTRequired: 1f0d5c0baf372e291f70b6b1275b19142bdce931
  RCTTypeSafety: 3b7329bbb97065c1f6ff7157f8eaf0da60fdc13d
  React: e419a1c0c3afe96300511585756bbea2f9f35e04
  React-Core: 8a505361c3ebe5ad216d52ca5f007a65ef63e5b6
  React-CoreModules: 47a3d75d3afd7089a5d2dd55dab08887ed1afa4c
  React-cxxreact: 4c6e3ec3e5f0ffcb659a3612a1e59a2144f21754
  React-jsi: 4b5e521350c455b5eb4be50ea98c02de25b44fad
  React-jsiexecutor: 5532ab4389aabbbf1b87904de04c8ddd7dda7036
  React-jsinspector: 99b82aeb51d67d9025ab4eb8ccb8132f8dcebf69
  React-RCTActionSheet: 5f9a1733ec8e380aae8a97877f1166cb058733ae
  React-RCTAnimation: 3e0a55305b70b1eb5a5e34230ed8198d4a782da9
  React-RCTBlob: a6ff2220ed7ef4b06e559ec61a0b0f4e80a3716a
  React-RCTImage: c814a1f15e26a4736dedc4468748889eb68fdc2c
  React-RCTLinking: 2c0e8c6129460aec97a049b63d888392671e87b5
  React-RCTNetwork: e1c46d5a4476c485690bfb9fb59cc9db054ace74
  React-RCTSettings: c7891181cc13b7b47e7669ca533a159dc7039914
  React-RCTText: beb19a6c50072a1a2f617490ea967237c98d1dfc
  React-RCTVibration: c8e67f140a83a14a1ad9042950cca08ab29423fd
  ReactCommon: 584ef683c340894c1c82be43ce760390493ae8bf
  RNGestureHandler: 02905abe54e1f6e59c081a10b4bd689721e17aa6
  RNReanimated: b2ab0b693dddd2339bd2f300e770f6302d2e960c
  RNScreens: 91109500eb09891f41239eadf8e7fd4aa6372369
  UMBarCodeScannerInterface: 3802c8574ef119c150701d679ab386e2266d6a54
  UMCameraInterface: 985d301f688ed392f815728f0dd906ca34b7ccb1
  UMConstantsInterface: bda5f8bd3403ad99e663eb3c4da685d063c5653c
  UMCore: 7ab08669a8bb2e61f557c1fe9784521cb5aa28e3
  UMFaceDetectorInterface: ce14e8e597f6a52aa66e4ab956cb5bff4fa8acf8
  UMFileSystemInterface: 2ed004c9620f43f0b36b33c42ce668500850d6a4
  UMFontInterface: 24fbc0a02ade6c60ad3ee3e2b5d597c8dcfc3208
  UMImageLoaderInterface: 3976a14c588341228881ff75970fbabf122efca4
  UMPermissionsInterface: 2abf9f7f4aa7110e27beaf634a7deda2d50ff3d7
  UMReactNativeAdapter: 230406e3335a8dbd4c9c0e654488a1cf3b44552f
  UMSensorsInterface: d708a892ef1500bdd9fc3ff03f7836c66d1634d3
  UMTaskManagerInterface: a98e37a576a5220bf43b8faf33cfdc129d2f441d
  Yoga: 3f70bbd9aa01e04eefec36e2a085b2fc0ff1dd98

PODFILE CHECKSUM: 36780719d75e9d002a001ef90600499973ccaab1

COCOAPODS: 1.7.5
